
Microsoft Visual Studio Solution File, Format Version 12.00
# Visual Studio Version 17
VisualStudioVersion = 17.9.34616.47
MinimumVisualStudioVersion = 10.0.40219.1
Project("{FAE04EC0-301F-11D3-BF4B-00C04F79EFBC}") = "csharp_project", "csharp_project.csproj", "{018C2596-7FF6-4895-B2BE-EDEDA852D8DC}"
EndProject
Global
	GlobalSection(SolutionConfigurationPlatforms) = preSolution
		Debug|Any CPU = Debug|Any CPU
		Release|Any CPU = Release|Any CPU
	EndGlobalSection
	GlobalSection(ProjectConfigurationPlatforms) = postSolution
		{018C2596-7FF6-4895-B2BE-EDEDA852D8DC}.Debug|Any CPU.ActiveCfg = Debug|Any CPU
		{018C2596-7FF6-4895-B2BE-EDEDA852D8DC}.Debug|Any CPU.Build.0 = Debug|Any CPU
		{018C2596-7FF6-4895-B2BE-EDEDA852D8DC}.Release|Any CPU.ActiveCfg = Release|Any CPU
		{018C2596-7FF6-4895-B2BE-EDEDA852D8DC}.Release|Any CPU.Build.0 = Release|Any CPU
	EndGlobalSection
	GlobalSection(SolutionProperties) = preSolution
		HideSolutionNode = FALSE
	EndGlobalSection
	GlobalSection(ExtensibilityGlobals) = postSolution
		SolutionGuid = {86697A8C-C887-4FF0-9A9E-1A779F9384E4}
	EndGlobalSection
EndGlobal
